<?xml version="1.0" encoding="utf-8"?>
<Project ToolsVersion="17.0" xmlns="http://schemas.microsoft.com/developer/msbuild/2003">
  <ItemGroup>
    <CustomBuild Include="C:\Users\harve\source\repos\2023_20373187\WS6_Exercises\Exercise 3\CMakeFiles\858afd1476073983c089dbfda4ff8550\INSTALL_force.rule">
      <Filter>CMake Rules</Filter>
    </CustomBuild>
  </ItemGroup>
  <ItemGroup>
    <Filter Include="CMake Rules">
      <UniqueIdentifier>{46FA7844-C2AB-3EED-90DB-F0852FC94058}</UniqueIdentifier>
    </Filter>
  </ItemGroup>
</Project>
